
Microsoft Visual Studio Solution File, Format Version 12.00
# Visual Studio Version 16
VisualStudioVersion = 16.0.32228.343
MinimumVisualStudioVersion = 10.0.40219.1
Project("{FAE04EC0-301F-11D3-BF4B-00C04F79EFBC}") = "Lotto", "Lotto\Lotto.csproj", "{382302B4-1EAD-4A53-9E84-E51B7C0B2646}"
EndProject
Global
	GlobalSection(SolutionConfigurationPlatforms) = preSolution
		Debug|Any CPU = Debug|Any CPU
		Release|Any CPU = Release|Any CPU
	EndGlobalSection
	GlobalSection(ProjectConfigurationPlatforms) = postSolution
		{382302B4-1EAD-4A53-9E84-E51B7C0B2646}.Debug|Any CPU.ActiveCfg = Debug|Any CPU
		{382302B4-1EAD-4A53-9E84-E51B7C0B2646}.Debug|Any CPU.Build.0 = Debug|Any CPU
		{382302B4-1EAD-4A53-9E84-E51B7C0B2646}.Release|Any CPU.ActiveCfg = Release|Any CPU
		{382302B4-1EAD-4A53-9E84-E51B7C0B2646}.Release|Any CPU.Build.0 = Release|Any CPU
	EndGlobalSection
	GlobalSection(SolutionProperties) = preSolution
		HideSolutionNode = FALSE
	EndGlobalSection
	GlobalSection(ExtensibilityGlobals) = postSolution
		SolutionGuid = {14DCB787-525F-4029-854A-B62C9D116AB0}
	EndGlobalSection
EndGlobal
